
Microsoft Visual Studio Solution File, Format Version 12.00
# Visual Studio Version 16
VisualStudioVersion = 16.0.30225.117
MinimumVisualStudioVersion = 10.0.40219.1
Project("{9A19103F-16F7-4668-BE54-9A1E7A4F7556}") = "Volo.Controller", "Volo.Controller\Volo.Controller.csproj", "{6A15B261-C097-4D2D-9FF6-3126B47245D0}"
EndProject
Project("{9A19103F-16F7-4668-BE54-9A1E7A4F7556}") = "Volo.Controller.Opcua", "Volo.Controller.Opcua\Volo.Controller.Opcua.csproj", "{F4263390-D4B1-46A0-BF34-BF4C0808AFC9}"
EndProject
Project("{9A19103F-16F7-4668-BE54-9A1E7A4F7556}") = "Volo.Controller.Shared", "Volo.Controller.Shared\Volo.Controller.Shared.csproj", "{3F778926-9BC3-4924-854E-C1EC44F3D3D2}"
EndProject
Global
	GlobalSection(SolutionConfigurationPlatforms) = preSolution
		Debug|Any CPU = Debug|Any CPU
		Release|Any CPU = Release|Any CPU
	EndGlobalSection
	GlobalSection(ProjectConfigurationPlatforms) = postSolution
		{6A15B261-C097-4D2D-9FF6-3126B47245D0}.Debug|Any CPU.ActiveCfg = Debug|Any CPU
		{6A15B261-C097-4D2D-9FF6-3126B47245D0}.Debug|Any CPU.Build.0 = Debug|Any CPU
		{6A15B261-C097-4D2D-9FF6-3126B47245D0}.Release|Any CPU.ActiveCfg = Release|Any CPU
		{6A15B261-C097-4D2D-9FF6-3126B47245D0}.Release|Any CPU.Build.0 = Release|Any CPU
		{F4263390-D4B1-46A0-BF34-BF4C0808AFC9}.Debug|Any CPU.ActiveCfg = Debug|Any CPU
		{F4263390-D4B1-46A0-BF34-BF4C0808AFC9}.Debug|Any CPU.Build.0 = Debug|Any CPU
		{F4263390-D4B1-46A0-BF34-BF4C0808AFC9}.Release|Any CPU.ActiveCfg = Release|Any CPU
		{F4263390-D4B1-46A0-BF34-BF4C0808AFC9}.Release|Any CPU.Build.0 = Release|Any CPU
		{3F778926-9BC3-4924-854E-C1EC44F3D3D2}.Debug|Any CPU.ActiveCfg = Debug|Any CPU
		{3F778926-9BC3-4924-854E-C1EC44F3D3D2}.Debug|Any CPU.Build.0 = Debug|Any CPU
		{3F778926-9BC3-4924-854E-C1EC44F3D3D2}.Release|Any CPU.ActiveCfg = Release|Any CPU
		{3F778926-9BC3-4924-854E-C1EC44F3D3D2}.Release|Any CPU.Build.0 = Release|Any CPU
	EndGlobalSection
	GlobalSection(SolutionProperties) = preSolution
		HideSolutionNode = FALSE
	EndGlobalSection
	GlobalSection(ExtensibilityGlobals) = postSolution
		SolutionGuid = {FF82B29F-F32B-47D1-B213-2D4B21B9E4B3}
	EndGlobalSection
EndGlobal
